
Microsoft Visual Studio Solution File, Format Version 12.00
# Visual Studio Version 16
VisualStudioVersion = 16.0.31624.102
MinimumVisualStudioVersion = 10.0.40219.1
Project("{FAE04EC0-301F-11D3-BF4B-00C04F79EFBC}") = "welcomeSM.web", "welcomeSM.web\welcomeSM.web.csproj", "{8B9CE8EE-FCB9-416F-8CD5-F97EF7DDA007}"
EndProject
Global
	GlobalSection(SolutionConfigurationPlatforms) = preSolution
		Debug|Any CPU = Debug|Any CPU
		Release|Any CPU = Release|Any CPU
	EndGlobalSection
	GlobalSection(ProjectConfigurationPlatforms) = postSolution
		{8B9CE8EE-FCB9-416F-8CD5-F97EF7DDA007}.Debug|Any CPU.ActiveCfg = Debug|Any CPU
		{8B9CE8EE-FCB9-416F-8CD5-F97EF7DDA007}.Debug|Any CPU.Build.0 = Debug|Any CPU
		{8B9CE8EE-FCB9-416F-8CD5-F97EF7DDA007}.Release|Any CPU.ActiveCfg = Release|Any CPU
		{8B9CE8EE-FCB9-416F-8CD5-F97EF7DDA007}.Release|Any CPU.Build.0 = Release|Any CPU
	EndGlobalSection
	GlobalSection(SolutionProperties) = preSolution
		HideSolutionNode = FALSE
	EndGlobalSection
	GlobalSection(ExtensibilityGlobals) = postSolution
		SolutionGuid = {B42CC36B-449D-447D-A99B-455AF7B20F30}
	EndGlobalSection
EndGlobal
